
Microsoft Visual Studio Solution File, Format Version 12.00
# Visual Studio Version 17
VisualStudioVersion = 17.0.31903.59
MinimumVisualStudioVersion = 10.0.40219.1
Project("{2150E333-8FDC-42A3-9474-1A3956D46DE8}") = "src", "src", "{14CFEF01-8518-4A98-B20A-9B65D4A9B61E}"
EndProject
Project("{9A19103F-16F7-4668-BE54-9A1E7A4F7556}") = "SlothParlor.MediaJournal.WebApp", "src\SlothParlor.MediaJournal.WebApp\SlothParlor.MediaJournal.WebApp.csproj", "{5768DC3E-914A-4EBC-985A-7F823D15A3C9}"
EndProject
Project("{9A19103F-16F7-4668-BE54-9A1E7A4F7556}") = "SlothParlor.MediaJournal.WebApp.Client", "src\SlothParlor.MediaJournal.WebApp.Client\SlothParlor.MediaJournal.WebApp.Client.csproj", "{A313E1E9-939C-4D13-A758-11CE50C8A35F}"
EndProject
Project("{9A19103F-16F7-4668-BE54-9A1E7A4F7556}") = "SlothParlor.MediaJournal.Data", "src\SlothParlor.MediaJournal.Data\SlothParlor.MediaJournal.Data.csproj", "{0A61F184-FD52-4B4C-8720-1312AA57D7D8}"
EndProject
Project("{9A19103F-16F7-4668-BE54-9A1E7A4F7556}") = "SlothParlor.MediaJournal.Core", "src\SlothParlor.MediaJournal.Core\SlothParlor.MediaJournal.Core.csproj", "{F3B396DE-70FB-4AC1-B499-F35452BBDE11}"
EndProject
Project("{9A19103F-16F7-4668-BE54-9A1E7A4F7556}") = "SlothParlor.MediaJournal.Contracts", "src\SlothParlor.MediaJournal.Contracts\SlothParlor.MediaJournal.Contracts.csproj", "{C538BC78-BEDA-4826-9924-C162F990EB0A}"
EndProject
Project("{2150E333-8FDC-42A3-9474-1A3956D46DE8}") = "test", "test", "{70B1F40F-2641-435D-9D9B-69D4A196103C}"
EndProject
Project("{FAE04EC0-301F-11D3-BF4B-00C04F79EFBC}") = "SlothParlor.MediaJournal.Core.DataAccessTests", "test\SlothParlor.MediaJournal.Core.DataAccessTests\SlothParlor.MediaJournal.Core.DataAccessTests.csproj", "{840F75D4-2CF5-4C2A-B402-A6343F955A3B}"
EndProject
Global
	GlobalSection(SolutionConfigurationPlatforms) = preSolution
		Debug|Any CPU = Debug|Any CPU
		Release|Any CPU = Release|Any CPU
	EndGlobalSection
	GlobalSection(ProjectConfigurationPlatforms) = postSolution
		{5768DC3E-914A-4EBC-985A-7F823D15A3C9}.Debug|Any CPU.ActiveCfg = Debug|Any CPU
		{5768DC3E-914A-4EBC-985A-7F823D15A3C9}.Debug|Any CPU.Build.0 = Debug|Any CPU
		{5768DC3E-914A-4EBC-985A-7F823D15A3C9}.Release|Any CPU.ActiveCfg = Release|Any CPU
		{5768DC3E-914A-4EBC-985A-7F823D15A3C9}.Release|Any CPU.Build.0 = Release|Any CPU
		{A313E1E9-939C-4D13-A758-11CE50C8A35F}.Debug|Any CPU.ActiveCfg = Debug|Any CPU
		{A313E1E9-939C-4D13-A758-11CE50C8A35F}.Debug|Any CPU.Build.0 = Debug|Any CPU
		{A313E1E9-939C-4D13-A758-11CE50C8A35F}.Release|Any CPU.ActiveCfg = Release|Any CPU
		{A313E1E9-939C-4D13-A758-11CE50C8A35F}.Release|Any CPU.Build.0 = Release|Any CPU
		{0A61F184-FD52-4B4C-8720-1312AA57D7D8}.Debug|Any CPU.ActiveCfg = Debug|Any CPU
		{0A61F184-FD52-4B4C-8720-1312AA57D7D8}.Debug|Any CPU.Build.0 = Debug|Any CPU
		{0A61F184-FD52-4B4C-8720-1312AA57D7D8}.Release|Any CPU.ActiveCfg = Release|Any CPU
		{0A61F184-FD52-4B4C-8720-1312AA57D7D8}.Release|Any CPU.Build.0 = Release|Any CPU
		{F3B396DE-70FB-4AC1-B499-F35452BBDE11}.Debug|Any CPU.ActiveCfg = Debug|Any CPU
		{F3B396DE-70FB-4AC1-B499-F35452BBDE11}.Debug|Any CPU.Build.0 = Debug|Any CPU
		{F3B396DE-70FB-4AC1-B499-F35452BBDE11}.Release|Any CPU.ActiveCfg = Release|Any CPU
		{F3B396DE-70FB-4AC1-B499-F35452BBDE11}.Release|Any CPU.Build.0 = Release|Any CPU
		{C538BC78-BEDA-4826-9924-C162F990EB0A}.Debug|Any CPU.ActiveCfg = Debug|Any CPU
		{C538BC78-BEDA-4826-9924-C162F990EB0A}.Debug|Any CPU.Build.0 = Debug|Any CPU
		{C538BC78-BEDA-4826-9924-C162F990EB0A}.Release|Any CPU.ActiveCfg = Release|Any CPU
		{C538BC78-BEDA-4826-9924-C162F990EB0A}.Release|Any CPU.Build.0 = Release|Any CPU
		{840F75D4-2CF5-4C2A-B402-A6343F955A3B}.Debug|Any CPU.ActiveCfg = Debug|Any CPU
		{840F75D4-2CF5-4C2A-B402-A6343F955A3B}.Debug|Any CPU.Build.0 = Debug|Any CPU
		{840F75D4-2CF5-4C2A-B402-A6343F955A3B}.Release|Any CPU.ActiveCfg = Release|Any CPU
		{840F75D4-2CF5-4C2A-B402-A6343F955A3B}.Release|Any CPU.Build.0 = Release|Any CPU
	EndGlobalSection
	GlobalSection(SolutionProperties) = preSolution
		HideSolutionNode = FALSE
	EndGlobalSection
	GlobalSection(NestedProjects) = preSolution
		{5768DC3E-914A-4EBC-985A-7F823D15A3C9} = {14CFEF01-8518-4A98-B20A-9B65D4A9B61E}
		{A313E1E9-939C-4D13-A758-11CE50C8A35F} = {14CFEF01-8518-4A98-B20A-9B65D4A9B61E}
		{0A61F184-FD52-4B4C-8720-1312AA57D7D8} = {14CFEF01-8518-4A98-B20A-9B65D4A9B61E}
		{F3B396DE-70FB-4AC1-B499-F35452BBDE11} = {14CFEF01-8518-4A98-B20A-9B65D4A9B61E}
		{C538BC78-BEDA-4826-9924-C162F990EB0A} = {14CFEF01-8518-4A98-B20A-9B65D4A9B61E}
		{840F75D4-2CF5-4C2A-B402-A6343F955A3B} = {70B1F40F-2641-435D-9D9B-69D4A196103C}
	EndGlobalSection
	GlobalSection(ExtensibilityGlobals) = postSolution
		SolutionGuid = {07500DFE-3B98-4A06-AFF0-CA48D4CCD4CF}
	EndGlobalSection
EndGlobal
